
Microsoft Visual Studio Solution File, Format Version 12.00
# Visual Studio Version 17
VisualStudioVersion = 17.7.34221.43
MinimumVisualStudioVersion = 10.0.40219.1
Project("{FAE04EC0-301F-11D3-BF4B-00C04F79EFBC}") = "GP1nöİÖ05042024", "GP1nöİÖ05042024\GP1nöİÖ05042024.csproj", "{DFAE4A32-6EC1-4933-8F80-EB8C423E94D9}"
EndProject
Global
	GlobalSection(SolutionConfigurationPlatforms) = preSolution
		Debug|Any CPU = Debug|Any CPU
		Release|Any CPU = Release|Any CPU
	EndGlobalSection
	GlobalSection(ProjectConfigurationPlatforms) = postSolution
		{DFAE4A32-6EC1-4933-8F80-EB8C423E94D9}.Debug|Any CPU.ActiveCfg = Debug|Any CPU
		{DFAE4A32-6EC1-4933-8F80-EB8C423E94D9}.Debug|Any CPU.Build.0 = Debug|Any CPU
		{DFAE4A32-6EC1-4933-8F80-EB8C423E94D9}.Release|Any CPU.ActiveCfg = Release|Any CPU
		{DFAE4A32-6EC1-4933-8F80-EB8C423E94D9}.Release|Any CPU.Build.0 = Release|Any CPU
	EndGlobalSection
	GlobalSection(SolutionProperties) = preSolution
		HideSolutionNode = FALSE
	EndGlobalSection
	GlobalSection(ExtensibilityGlobals) = postSolution
		SolutionGuid = {0689E032-736D-4098-AC17-B1880CB67D82}
	EndGlobalSection
EndGlobal
